
Microsoft Visual Studio Solution File, Format Version 12.00
# Visual Studio Version 17
VisualStudioVersion = 17.14.36408.4 d17.14
MinimumVisualStudioVersion = 10.0.40219.1
Project("{FAE04EC0-301F-11D3-BF4B-00C04F79EFBC}") = "ColorPicker", "ColorPicker\ColorPicker.csproj", "{29C756CF-8A7C-4919-BD69-51888C9DEDEE}"
EndProject
Global
	GlobalSection(SolutionConfigurationPlatforms) = preSolution
		Debug|Any CPU = Debug|Any CPU
		Release|Any CPU = Release|Any CPU
	EndGlobalSection
	GlobalSection(ProjectConfigurationPlatforms) = postSolution
		{29C756CF-8A7C-4919-BD69-51888C9DEDEE}.Debug|Any CPU.ActiveCfg = Debug|Any CPU
		{29C756CF-8A7C-4919-BD69-51888C9DEDEE}.Debug|Any CPU.Build.0 = Debug|Any CPU
		{29C756CF-8A7C-4919-BD69-51888C9DEDEE}.Release|Any CPU.ActiveCfg = Release|Any CPU
		{29C756CF-8A7C-4919-BD69-51888C9DEDEE}.Release|Any CPU.Build.0 = Release|Any CPU
	EndGlobalSection
	GlobalSection(SolutionProperties) = preSolution
		HideSolutionNode = FALSE
	EndGlobalSection
	GlobalSection(ExtensibilityGlobals) = postSolution
		SolutionGuid = {F3652CC1-7356-451B-B448-51963909D3C2}
	EndGlobalSection
EndGlobal
